{
  "lockfile-version": 1,
  "manifest": {
    "version": 1,
    "install": {
      "nodejs_24": {
        "pkg-path": "nodejs_24"
      }
    },
    "vars": {
      "CLICOLOR": "1",
      "FLOX_DISABLE_METRICS": "true",
      "FLX_VERBOSE": "${FLOX_VERBOSE:-}"
    },
    "hook": {
      "on-activate": "[[ ! -z \"${FLX_VERBOSE}\" ]] && echo \"##################################################\";\n[[ ! -z \"${FLX_VERBOSE}\" ]] && echo \"########## FLOX ACTIVATE...\";\n\n# alias lss='ls -alshF --color=auto'\nlss () {\n    command ls -alshF --color=auto \"$@\"\n}\n\n# PWD=$(pwd);\n# [[ ! -z \"${FLX_VERBOSE}\" ]] && echo \"-----> PWD: ${PWD}\";\n# unset PWD\n\n#FLOX_ENV_PROJECT\n#_FLOX_ENV_LOG_DIR\n#FLOX_CACHE_DIR=\"$(dirname ${FLOX_ENV_CACHE})\"\n#FLOX_CACHE_DIR=\"$(realpath ${FLOX_ENV_CACHE})\"\nFLOX_CACHE_DIR=\"${FLOX_ENV_CACHE}\"\n[[ ! -z \"${FLX_VERBOSE}\" ]] && echo \"-----> FLOX_CACHE_DIR: ${FLOX_CACHE_DIR}\";\n\nif [[ ! -z \"${FLX_VERBOSE}\" ]]; then\n\necho \"=====> NODE VERSION: $(node --version)\";\nWHICH_NODE=$(which node);\necho \".....> NODE WHICH: ${WHICH_NODE}\";\nlss \"${WHICH_NODE}\";\nunset WHICH_NODE\n\necho \"=====> NPM VERSION (init): $(npm --version)\";\nWHICH_NPM=$(which npm);\necho \".....> NPM WHICH: ${WHICH_NPM}\";\nlss \"${WHICH_NPM}\";\nunset WHICH_NPM\n\necho \"-----> NPM CONFIG PREFIX (init): $(npm config get prefix)\";\necho \"-----> NPM_CONFIG_PREFIX (init): ${NPM_CONFIG_PREFIX}\";\n\necho \"-----> NPM CONFIG CACHE (init): $(npm config get cache)\"\necho \"-----> NPM_CONFIG_CACHE (init): ${NPM_CONFIG_CACHE}\";\n\nfi\n\n# envName=\"${_FLOX_ACTIVE_ENVIRONMENTS##:*}\";\n#echo \"${envName}\";\n#export NPM_CONFIG_PREFIX=\"/tmp/${envName}-npm\";\n\nexport NPM_CONFIG_PREFIX=\"${FLOX_CACHE_DIR}/NPM_PREFIX\";\n#### rm -rf \"$NPM_CONFIG_PREFIX\";\nmkdir -p \"$NPM_CONFIG_PREFIX\";\nif [[ ! -z \"${FLX_VERBOSE}\" ]]; then\necho \"-----> NPM CONFIG PREFIX: $(npm config get prefix)\";\necho \"-----> NPM_CONFIG_PREFIX: ${NPM_CONFIG_PREFIX}\";\nlss \"$NPM_CONFIG_PREFIX\";\nlss \"$NPM_CONFIG_PREFIX/bin\";\nlss \"$NPM_CONFIG_PREFIX/lib\";\nlss \"$NPM_CONFIG_PREFIX/lib/node_modules\";\nfi\n\nexport NPM_CONFIG_CACHE=\"${FLOX_CACHE_DIR}/NPM_CACHE\";\n#### rm -rf \"$NPM_CONFIG_CACHE\";\nmkdir -p \"$NPM_CONFIG_CACHE\";\nif [[ ! -z \"${FLX_VERBOSE}\" ]]; then\necho \"-----> NPM CONFIG CACHE: $(npm config get cache)\"\necho \"-----> NPM_CONFIG_CACHE: ${NPM_CONFIG_CACHE}\";\nlss \"$NPM_CONFIG_CACHE\";\nfi\n\nunset FLOX_CACHE_DIR\n\n[[ ! -z \"${FLX_VERBOSE}\" ]] && echo \"-----> NODE_PATH (init): ${NODE_PATH}\";\nexport NODE_PATH=\"$NPM_CONFIG_PREFIX/lib/node_modules${NODE_PATH:+:$NODE_PATH}\";\n[[ ! -z \"${FLX_VERBOSE}\" ]] && echo \"-----> NODE_PATH: ${NODE_PATH}\";\n\nexport PATH=\"$NPM_CONFIG_PREFIX/bin:$PATH\";\n\nnpm install -g npm --foreground-scripts 1>/dev/null\nnpm install -g npm-check-updates --foreground-scripts 1>/dev/null\n"
    },
    "profile": {
      "common": "[[ ! -z \"${FLX_VERBOSE}\" ]] && echo \"##################################################\";\n[[ ! -z \"${FLX_VERBOSE}\" ]] && echo \"########## FLOX PROFILE COMMON (${SHELL})...\";\n\nalias lss='ls -alshF --color=auto'\nalias flx='flox activate'\nalias flxx='FLOX_VERBOSE=1 flox activate'\n\n# PWD=$(pwd);\n# [[ ! -z \"${FLX_VERBOSE}\" ]] && echo \"-----> PWD: ${PWD}\";\n# unset PWD\n\nif [[ ! -z \"${FLX_VERBOSE}\" ]]; then\n\necho \"=====> NODE VERSION: $(node --version)\";\nWHICH_NODE=$(which node);\necho \".....> NODE WHICH: ${WHICH_NODE}\";\nlss \"${WHICH_NODE}\";\nunset WHICH_NODE\n\necho \"=====> NPM VERSION: $(npm --version)\";\nWHICH_NPM=$(which npm);\necho \".....> NPM WHICH: ${WHICH_NPM}\";\nlss \"${WHICH_NPM}\";\nunset WHICH_NPM\n\necho \"-----> NPM CONFIG PREFIX: $(npm config get prefix)\";\necho \"-----> NPM_CONFIG_PREFIX: ${NPM_CONFIG_PREFIX}\";\n\necho \"-----> NPM CONFIG CACHE: $(npm config get cache)\"\necho \"-----> NPM_CONFIG_CACHE: ${NPM_CONFIG_CACHE}\";\n\necho \"=====> NCU VERSION: $(ncu --version)\";\nWHICH_NCU=$(which ncu);\necho \".....> NCU WHICH: ${WHICH_NCU}\";\nlss \"${WHICH_NCU}\";\nunset WHICH_NCU\n\necho \"=====> GIT VERSION: $(git --version)\";\nWHICH_GIT=$(which git);\necho \".....> GIT WHICH: ${WHICH_GIT}\";\nlss \"${WHICH_GIT}\";\nunset WHICH_GIT\n\nENV=$(env);\necho \"-----> ENV: ${ENV}\";\necho \"||||||||||||||||||||||||||\";\n\necho \"-----> DEBUG: ${DEBUG}\";\n\necho \"-----> USER: ${USER}\";\necho \"-----> USERNAME: ${USERNAME}\";\n\necho \"-----> NODE_ENV: ${NODE_ENV}\";\n\ngit branch\ngit status\n\nfi\n"
    },
    "options": {
      "systems": [
        "aarch64-darwin",
        "aarch64-linux",
        "x86_64-darwin",
        "x86_64-linux"
      ]
    }
  },
  "packages": [
    {
      "attr_path": "nodejs_24",
      "broken": false,
      "derivation": "/nix/store/0jp24w00c62cysdikz38xrnmxwzv0q4r-nodejs-24.13.0.drv",
      "description": "Event-driven I/O framework for the V8 JavaScript engine",
      "install_id": "nodejs_24",
      "license": "MIT",
      "locked_url": "https://github.com/flox/nixpkgs?rev=d6c71932130818840fc8fe9509cf50be8c64634f",
      "name": "nodejs-24.13.0",
      "pname": "nodejs_24",
      "rev": "d6c71932130818840fc8fe9509cf50be8c64634f",
      "rev_count": 942779,
      "rev_date": "2026-02-08T14:52:16Z",
      "scrape_date": "2026-02-09T04:38:52.160996Z",
      "stabilities": [
        "unstable"
      ],
      "unfree": false,
      "version": "24.13.0",
      "outputs_to_install": [
        "out",
        "out"
      ],
      "outputs": {
        "dev": "/nix/store/ywm49y8ncwny2nr0wvs6vmaxqjiqg523-nodejs-24.13.0-dev",
        "libv8": "/nix/store/67xyvmmgkisc7mr16wbpyjq2fqyz44af-nodejs-24.13.0-libv8",
        "out": "/nix/store/szvl8aalaplzshakdpyq8l5yq8q1bw66-nodejs-24.13.0"
      },
      "system": "aarch64-darwin",
      "group": "toplevel",
      "priority": 5
    },
    {
      "attr_path": "nodejs_24",
      "broken": false,
      "derivation": "/nix/store/l64r4vxgdpi0jxp27mvr9sj2c2mq2cys-nodejs-24.13.0.drv",
      "description": "Event-driven I/O framework for the V8 JavaScript engine",
      "install_id": "nodejs_24",
      "license": "MIT",
      "locked_url": "https://github.com/flox/nixpkgs?rev=d6c71932130818840fc8fe9509cf50be8c64634f",
      "name": "nodejs-24.13.0",
      "pname": "nodejs_24",
      "rev": "d6c71932130818840fc8fe9509cf50be8c64634f",
      "rev_count": 942779,
      "rev_date": "2026-02-08T14:52:16Z",
      "scrape_date": "2026-02-09T05:11:13.043207Z",
      "stabilities": [
        "unstable"
      ],
      "unfree": false,
      "version": "24.13.0",
      "outputs_to_install": [
        "out"
      ],
      "outputs": {
        "dev": "/nix/store/qk4n3r5bvqzvpaq1qbpwwf47zg51wrhq-nodejs-24.13.0-dev",
        "libv8": "/nix/store/rh9dg0mdq0hnp4cbdy4zdbmy6hnhxcfh-nodejs-24.13.0-libv8",
        "out": "/nix/store/rpyb0275h916mxx8a0cm7yavm4qbr4j9-nodejs-24.13.0"
      },
      "system": "aarch64-linux",
      "group": "toplevel",
      "priority": 5
    },
    {
      "attr_path": "nodejs_24",
      "broken": false,
      "derivation": "/nix/store/xgryfaiwfymf8ndij80ssly7q2kdq8y1-nodejs-24.13.0.drv",
      "description": "Event-driven I/O framework for the V8 JavaScript engine",
      "install_id": "nodejs_24",
      "license": "MIT",
      "locked_url": "https://github.com/flox/nixpkgs?rev=d6c71932130818840fc8fe9509cf50be8c64634f",
      "name": "nodejs-24.13.0",
      "pname": "nodejs_24",
      "rev": "d6c71932130818840fc8fe9509cf50be8c64634f",
      "rev_count": 942779,
      "rev_date": "2026-02-08T14:52:16Z",
      "scrape_date": "2026-02-09T05:44:37.508733Z",
      "stabilities": [
        "unstable"
      ],
      "unfree": false,
      "version": "24.13.0",
      "outputs_to_install": [
        "out"
      ],
      "outputs": {
        "dev": "/nix/store/rp55bch0hqxynmxnh7q5bs586kp0dib6-nodejs-24.13.0-dev",
        "libv8": "/nix/store/dvl504xzwklpfjngdnn6kcpriklwsf6l-nodejs-24.13.0-libv8",
        "out": "/nix/store/xhp1pnnq7hski7hwg36vw7kpxmg56khh-nodejs-24.13.0"
      },
      "system": "x86_64-darwin",
      "group": "toplevel",
      "priority": 5
    },
    {
      "attr_path": "nodejs_24",
      "broken": false,
      "derivation": "/nix/store/qk40027pvikybl0lvr1wmia9n8ljf99c-nodejs-24.13.0.drv",
      "description": "Event-driven I/O framework for the V8 JavaScript engine",
      "install_id": "nodejs_24",
      "license": "MIT",
      "locked_url": "https://github.com/flox/nixpkgs?rev=d6c71932130818840fc8fe9509cf50be8c64634f",
      "name": "nodejs-24.13.0",
      "pname": "nodejs_24",
      "rev": "d6c71932130818840fc8fe9509cf50be8c64634f",
      "rev_count": 942779,
      "rev_date": "2026-02-08T14:52:16Z",
      "scrape_date": "2026-02-09T06:20:55.567820Z",
      "stabilities": [
        "unstable"
      ],
      "unfree": false,
      "version": "24.13.0",
      "outputs_to_install": [
        "out"
      ],
      "outputs": {
        "dev": "/nix/store/hc7fav9y6ai53nqbbpjxprwnkakl1w2d-nodejs-24.13.0-dev",
        "libv8": "/nix/store/z7m56hl4rzdrfhnnkwig0ibzs1qz1x5d-nodejs-24.13.0-libv8",
        "out": "/nix/store/9cyx2v23dip6p9q98384k9v06c96qskb-nodejs-24.13.0"
      },
      "system": "x86_64-linux",
      "group": "toplevel",
      "priority": 5
    }
  ]
}
